Microsoft Visual Studio Solution File, Format Version 12.00
# Visual Studio Version 17
VisualStudioVersion = 17.5.2.0
MinimumVisualStudioVersion = 10.0.40219.1
Project("{FAE04EC0-301F-11D3-BF4B-00C04F79EFBC}") = "Medicolor", "src\Medicolor.csproj", "{CC735CF6-47BD-F992-1FFE-879C337D219F}"
EndProject
Global
	GlobalSection(SolutionConfigurationPlatforms) = preSolution
		Debug|Any CPU = Debug|Any CPU
		Release|Any CPU = Release|Any CPU
	EndGlobalSection
	GlobalSection(ProjectConfigurationPlatforms) = postSolution
		{CC735CF6-47BD-F992-1FFE-879C337D219F}.Debug|Any CPU.ActiveCfg = Debug|Any CPU
		{CC735CF6-47BD-F992-1FFE-879C337D219F}.Debug|Any CPU.Build.0 = Debug|Any CPU
		{CC735CF6-47BD-F992-1FFE-879C337D219F}.Release|Any CPU.ActiveCfg = Release|Any CPU
		{CC735CF6-47BD-F992-1FFE-879C337D219F}.Release|Any CPU.Build.0 = Release|Any CPU
	EndGlobalSection
	GlobalSection(SolutionProperties) = preSolution
		HideSolutionNode = FALSE
	EndGlobalSection
	GlobalSection(ExtensibilityGlobals) = postSolution
		SolutionGuid = {1D8201C5-616C-4194-B56A-19B1FB44CA72}
	EndGlobalSection
EndGlobal
